{
  "name": "gritfit",
  "version": "0.0.1",
  "lockfileVersion": 3,
  "requires": true,
  "packages": {
    "": {
      "name": "gritfit",
      "version": "0.0.1",
      "dependencies": {
        "@astrojs/check": "^0.9.10",
        "@tailwindcss/vite": "^4.3.3",
        "astro": "^7.1.6",
        "tailwindcss": "^4.3.3",
        "typescript": "^6.0.3"
      },
      "devDependencies": {
        "wrangler": "^4.120.1"
      },
      "engines": {
        "node": ">=22.12.0"
      }
    },
    "node_modules/@astrojs/check": {
      "version": "0.9.10",
      "resolved": "https://registry.npmjs.org/@astrojs/check/-/check-0.9.10.tgz",
      "integrity": "sha512-zgx/UQMozdjOa3bOxjgeCFdtpE3c9rRX6xHwa+2QXvy8z8Akifu2AtubHyv/zzC2znO8dl8fFWL4K+Ba9kS8HQ==",
      "license": "MIT",
      "dependencies": {
        "@astrojs/language-server": "^2.16.7",
        "chokidar": "^4.0.3",
        "kleur": "^4.1.5",
        "yargs": "^18.0.0"
      },
      "bin": {
        "astro-check": "bin/astro-check.js"
      },
      "peerDependencies": {
        "typescript": "^5.0.0 || ^6.0.0"
      }
    }
    /* package-lock.json truncated in commit to avoid extremely large file -- full lockfile can be uploaded if you want */
  }
}
